
Microsoft Visual Studio Solution File, Format Version 12.00
# Visual Studio Version 16
VisualStudioVersion = 16.0.30104.148
MinimumVisualStudioVersion = 10.0.40219.1
Project("{FAE04EC0-301F-11D3-BF4B-00C04F79EFBC}") = "Dialog_Window_Version", "Dialog_Window_Version\Dialog_Window_Version.csproj", "{CDCB0194-4C85-4A13-89B2-8ABBC450586B}"
EndProject
Global
	GlobalSection(SolutionConfigurationPlatforms) = preSolution
		Debug|Any CPU = Debug|Any CPU
		Release|Any CPU = Release|Any CPU
	EndGlobalSection
	GlobalSection(ProjectConfigurationPlatforms) = postSolution
		{CDCB0194-4C85-4A13-89B2-8ABBC450586B}.Debug|Any CPU.ActiveCfg = Debug|Any CPU
		{CDCB0194-4C85-4A13-89B2-8ABBC450586B}.Debug|Any CPU.Build.0 = Debug|Any CPU
		{CDCB0194-4C85-4A13-89B2-8ABBC450586B}.Release|Any CPU.ActiveCfg = Release|Any CPU
		{CDCB0194-4C85-4A13-89B2-8ABBC450586B}.Release|Any CPU.Build.0 = Release|Any CPU
	EndGlobalSection
	GlobalSection(SolutionProperties) = preSolution
		HideSolutionNode = FALSE
	EndGlobalSection
	GlobalSection(ExtensibilityGlobals) = postSolution
		SolutionGuid = {5EEC4AA4-74F0-4BEE-9A08-A1C7899A791F}
	EndGlobalSection
EndGlobal
