
Microsoft Visual Studio Solution File, Format Version 12.00
# Visual Studio Version 16
VisualStudioVersion = 16.0.30104.148
MinimumVisualStudioVersion = 10.0.40219.1
Project("{FAE04EC0-301F-11D3-BF4B-00C04F79EFBC}") = "Dialog_Window_Version", "Dialog_Window_Version\Dialog_Window_Version.csproj", "{407745A2-AB99-4DB3-A908-36EA6E9B1FD6}"
EndProject
Global
	GlobalSection(SolutionConfigurationPlatforms) = preSolution
		Debug|Any CPU = Debug|Any CPU
		Release|Any CPU = Release|Any CPU
	EndGlobalSection
	GlobalSection(ProjectConfigurationPlatforms) = postSolution
		{407745A2-AB99-4DB3-A908-36EA6E9B1FD6}.Debug|Any CPU.ActiveCfg = Debug|Any CPU
		{407745A2-AB99-4DB3-A908-36EA6E9B1FD6}.Debug|Any CPU.Build.0 = Debug|Any CPU
		{407745A2-AB99-4DB3-A908-36EA6E9B1FD6}.Release|Any CPU.ActiveCfg = Release|Any CPU
		{407745A2-AB99-4DB3-A908-36EA6E9B1FD6}.Release|Any CPU.Build.0 = Release|Any CPU
	EndGlobalSection
	GlobalSection(SolutionProperties) = preSolution
		HideSolutionNode = FALSE
	EndGlobalSection
	GlobalSection(ExtensibilityGlobals) = postSolution
		SolutionGuid = {CFE03886-C044-4747-9374-FB67452BE84A}
	EndGlobalSection
EndGlobal
