
Microsoft Visual Studio Solution File, Format Version 12.00
# Visual Studio Version 16
VisualStudioVersion = 16.0.30104.148
MinimumVisualStudioVersion = 10.0.40219.1
Project("{FAE04EC0-301F-11D3-BF4B-00C04F79EFBC}") = "Listing_01_05", "Listing_01_05\Listing_01_05.csproj", "{AD89594E-5E7E-4F3D-85EE-E2703C92DB02}"
EndProject
Global
	GlobalSection(SolutionConfigurationPlatforms) = preSolution
		Debug|Any CPU = Debug|Any CPU
		Release|Any CPU = Release|Any CPU
	EndGlobalSection
	GlobalSection(ProjectConfigurationPlatforms) = postSolution
		{AD89594E-5E7E-4F3D-85EE-E2703C92DB02}.Debug|Any CPU.ActiveCfg = Debug|Any CPU
		{AD89594E-5E7E-4F3D-85EE-E2703C92DB02}.Debug|Any CPU.Build.0 = Debug|Any CPU
		{AD89594E-5E7E-4F3D-85EE-E2703C92DB02}.Release|Any CPU.ActiveCfg = Release|Any CPU
		{AD89594E-5E7E-4F3D-85EE-E2703C92DB02}.Release|Any CPU.Build.0 = Release|Any CPU
	EndGlobalSection
	GlobalSection(SolutionProperties) = preSolution
		HideSolutionNode = FALSE
	EndGlobalSection
	GlobalSection(ExtensibilityGlobals) = postSolution
		SolutionGuid = {D0D8E733-BFE5-4D30-968F-1558D39A55B5}
	EndGlobalSection
EndGlobal
