
Microsoft Visual Studio Solution File, Format Version 12.00
# Visual Studio Version 16
VisualStudioVersion = 16.0.30104.148
MinimumVisualStudioVersion = 10.0.40219.1
Project("{FAE04EC0-301F-11D3-BF4B-00C04F79EFBC}") = "Console_Version", "Console_Version\Console_Version.csproj", "{04D73CA9-5AB4-4F96-B554-2EE1F428C679}"
EndProject
Global
	GlobalSection(SolutionConfigurationPlatforms) = preSolution
		Debug|Any CPU = Debug|Any CPU
		Release|Any CPU = Release|Any CPU
	EndGlobalSection
	GlobalSection(ProjectConfigurationPlatforms) = postSolution
		{04D73CA9-5AB4-4F96-B554-2EE1F428C679}.Debug|Any CPU.ActiveCfg = Debug|Any CPU
		{04D73CA9-5AB4-4F96-B554-2EE1F428C679}.Debug|Any CPU.Build.0 = Debug|Any CPU
		{04D73CA9-5AB4-4F96-B554-2EE1F428C679}.Release|Any CPU.ActiveCfg = Release|Any CPU
		{04D73CA9-5AB4-4F96-B554-2EE1F428C679}.Release|Any CPU.Build.0 = Release|Any CPU
	EndGlobalSection
	GlobalSection(SolutionProperties) = preSolution
		HideSolutionNode = FALSE
	EndGlobalSection
	GlobalSection(ExtensibilityGlobals) = postSolution
		SolutionGuid = {CD28F8C0-D97C-497E-8507-BC846298D063}
	EndGlobalSection
EndGlobal
