
Microsoft Visual Studio Solution File, Format Version 12.00
# Visual Studio Version 16
VisualStudioVersion = 16.0.30104.148
MinimumVisualStudioVersion = 10.0.40219.1
Project("{FAE04EC0-301F-11D3-BF4B-00C04F79EFBC}") = "Dialog_Window_Version", "Dialog_Window_Version\Dialog_Window_Version.csproj", "{AE4259F4-85B3-48A9-A797-11D955DB4BD2}"
EndProject
Global
	GlobalSection(SolutionConfigurationPlatforms) = preSolution
		Debug|Any CPU = Debug|Any CPU
		Release|Any CPU = Release|Any CPU
	EndGlobalSection
	GlobalSection(ProjectConfigurationPlatforms) = postSolution
		{AE4259F4-85B3-48A9-A797-11D955DB4BD2}.Debug|Any CPU.ActiveCfg = Debug|Any CPU
		{AE4259F4-85B3-48A9-A797-11D955DB4BD2}.Debug|Any CPU.Build.0 = Debug|Any CPU
		{AE4259F4-85B3-48A9-A797-11D955DB4BD2}.Release|Any CPU.ActiveCfg = Release|Any CPU
		{AE4259F4-85B3-48A9-A797-11D955DB4BD2}.Release|Any CPU.Build.0 = Release|Any CPU
	EndGlobalSection
	GlobalSection(SolutionProperties) = preSolution
		HideSolutionNode = FALSE
	EndGlobalSection
	GlobalSection(ExtensibilityGlobals) = postSolution
		SolutionGuid = {DDF268B1-972F-4C69-B867-A2B0DAD1E79B}
	EndGlobalSection
EndGlobal
